
Microsoft Visual Studio Solution File, Format Version 12.00
# Visual Studio Version 17
VisualStudioVersion = 17.3.32901.215
MinimumVisualStudioVersion = 10.0.40219.1
Project("{FAE04EC0-301F-11D3-BF4B-00C04F79EFBC}") = "Clase 4 - Consultorio con cola", "Clase 4 - Consultorio con cola\Clase 4 - Consultorio con cola.csproj", "{75001CE1-0CFD-45D8-AE60-6577E17E2170}"
EndProject
Global
	GlobalSection(SolutionConfigurationPlatforms) = preSolution
		Debug|Any CPU = Debug|Any CPU
		Release|Any CPU = Release|Any CPU
	EndGlobalSection
	GlobalSection(ProjectConfigurationPlatforms) = postSolution
		{75001CE1-0CFD-45D8-AE60-6577E17E2170}.Debug|Any CPU.ActiveCfg = Debug|Any CPU
		{75001CE1-0CFD-45D8-AE60-6577E17E2170}.Debug|Any CPU.Build.0 = Debug|Any CPU
		{75001CE1-0CFD-45D8-AE60-6577E17E2170}.Release|Any CPU.ActiveCfg = Release|Any CPU
		{75001CE1-0CFD-45D8-AE60-6577E17E2170}.Release|Any CPU.Build.0 = Release|Any CPU
	EndGlobalSection
	GlobalSection(SolutionProperties) = preSolution
		HideSolutionNode = FALSE
	EndGlobalSection
	GlobalSection(ExtensibilityGlobals) = postSolution
		SolutionGuid = {7C3A153D-0B48-4AD5-8B7A-DA0721A03F74}
	EndGlobalSection
EndGlobal
